
Microsoft Visual Studio Solution File, Format Version 12.00
# Visual Studio Version 17
VisualStudioVersion = 17.8.34322.80
MinimumVisualStudioVersion = 10.0.40219.1
Project("{FAE04EC0-301F-11D3-BF4B-00C04F79EFBC}") = "ApiTest", "ApiTest.csproj", "{2CD7C9D8-7EF3-4E5E-9C99-8F713989AD4A}"
EndProject
Project("{FAE04EC0-301F-11D3-BF4B-00C04F79EFBC}") = "ApiTest.Contracts", "..\ApiTest.Contracts\ApiTest.Contracts.csproj", "{DFC07FAC-9E3F-4689-A2AE-9CA964867702}"
EndProject
Project("{FAE04EC0-301F-11D3-BF4B-00C04F79EFBC}") = "ApiTest.Entity", "..\ApiTest.Entity\ApiTest.Entity.csproj", "{DBB539BE-D526-44F1-B446-BCB5DC3458D4}"
EndProject
Global
	GlobalSection(SolutionConfigurationPlatforms) = preSolution
		Debug|Any CPU = Debug|Any CPU
		Release|Any CPU = Release|Any CPU
	EndGlobalSection
	GlobalSection(ProjectConfigurationPlatforms) = postSolution
		{2CD7C9D8-7EF3-4E5E-9C99-8F713989AD4A}.Debug|Any CPU.ActiveCfg = Debug|Any CPU
		{2CD7C9D8-7EF3-4E5E-9C99-8F713989AD4A}.Debug|Any CPU.Build.0 = Debug|Any CPU
		{2CD7C9D8-7EF3-4E5E-9C99-8F713989AD4A}.Release|Any CPU.ActiveCfg = Release|Any CPU
		{2CD7C9D8-7EF3-4E5E-9C99-8F713989AD4A}.Release|Any CPU.Build.0 = Release|Any CPU
		{DFC07FAC-9E3F-4689-A2AE-9CA964867702}.Debug|Any CPU.ActiveCfg = Debug|Any CPU
		{DFC07FAC-9E3F-4689-A2AE-9CA964867702}.Debug|Any CPU.Build.0 = Debug|Any CPU
		{DFC07FAC-9E3F-4689-A2AE-9CA964867702}.Release|Any CPU.ActiveCfg = Release|Any CPU
		{DFC07FAC-9E3F-4689-A2AE-9CA964867702}.Release|Any CPU.Build.0 = Release|Any CPU
		{DBB539BE-D526-44F1-B446-BCB5DC3458D4}.Debug|Any CPU.ActiveCfg = Debug|Any CPU
		{DBB539BE-D526-44F1-B446-BCB5DC3458D4}.Debug|Any CPU.Build.0 = Debug|Any CPU
		{DBB539BE-D526-44F1-B446-BCB5DC3458D4}.Release|Any CPU.ActiveCfg = Release|Any CPU
		{DBB539BE-D526-44F1-B446-BCB5DC3458D4}.Release|Any CPU.Build.0 = Release|Any CPU
	EndGlobalSection
	GlobalSection(SolutionProperties) = preSolution
		HideSolutionNode = FALSE
	EndGlobalSection
	GlobalSection(ExtensibilityGlobals) = postSolution
		SolutionGuid = {BCCE9C31-961B-472F-85A7-5C9B01F477F2}
	EndGlobalSection
EndGlobal
